
Microsoft Visual Studio Solution File, Format Version 12.00
# Visual Studio Version 16
VisualStudioVersion = 16.0.30309.148
MinimumVisualStudioVersion = 10.0.40219.1
Project("{9A19103F-16F7-4668-BE54-9A1E7A4F7556}") = "Soccer.Common", "Soccer.Common\Soccer.Common.csproj", "{C46CF1F1-5BFB-4E11-AF3B-86B576E72235}"
EndProject
Project("{9A19103F-16F7-4668-BE54-9A1E7A4F7556}") = "Soccer.Web", "Soccer.Web\Soccer.Web.csproj", "{87EE3B25-003E-47CD-A945-0D63A51B83AC}"
EndProject
Project("{9A19103F-16F7-4668-BE54-9A1E7A4F7556}") = "Soccer.Prism", "Soccer.Prism\Soccer.Prism\Soccer.Prism.csproj", "{CA912886-482F-463E-8DC7-AA9E6C02957E}"
EndProject
Project("{FAE04EC0-301F-11D3-BF4B-00C04F79EFBC}") = "Soccer.Prism.Android", "Soccer.Prism\Soccer.Prism.Android\Soccer.Prism.Android.csproj", "{FDF9DF19-5D4B-4A48-9923-6690788BD992}"
EndProject
Project("{FAE04EC0-301F-11D3-BF4B-00C04F79EFBC}") = "Soccer.Prism.iOS", "Soccer.Prism\Soccer.Prism.iOS\Soccer.Prism.iOS.csproj", "{92066BE0-F16C-4D32-BE79-326BB1959BB7}"
EndProject
Project("{FAE04EC0-301F-11D3-BF4B-00C04F79EFBC}") = "Soccer.Cross.Android", "Soccer.Cross.Android\Soccer.Cross.Android.csproj", "{00D64A7F-59E2-47A3-AA8D-A9431BBD29AB}"
EndProject
Project("{FAE04EC0-301F-11D3-BF4B-00C04F79EFBC}") = "Soccer.Cross.IOS", "Soccer.Cross.IOS\Soccer.Cross.IOS.csproj", "{27EF93B2-673C-4C8F-8F2E-AD91DEF3E099}"
EndProject
Global
	GlobalSection(SolutionConfigurationPlatforms) = preSolution
		Ad-Hoc|Any CPU = Ad-Hoc|Any CPU
		Ad-Hoc|iPhone = Ad-Hoc|iPhone
		Ad-Hoc|iPhoneSimulator = Ad-Hoc|iPhoneSimulator
		AppStore|Any CPU = AppStore|Any CPU
		AppStore|iPhone = AppStore|iPhone
		AppStore|iPhoneSimulator = AppStore|iPhoneSimulator
		Debug|Any CPU = Debug|Any CPU
		Debug|iPhone = Debug|iPhone
		Debug|iPhoneSimulator = Debug|iPhoneSimulator
		Release|Any CPU = Release|Any CPU
		Release|iPhone = Release|iPhone
		Release|iPhoneSimulator = Release|iPhoneSimulator
	EndGlobalSection
	GlobalSection(ProjectConfigurationPlatforms) = postSolution
		{C46CF1F1-5BFB-4E11-AF3B-86B576E72235}.Ad-Hoc|Any CPU.ActiveCfg = Release|Any CPU
		{C46CF1F1-5BFB-4E11-AF3B-86B576E72235}.Ad-Hoc|Any CPU.Build.0 = Release|Any CPU
		{C46CF1F1-5BFB-4E11-AF3B-86B576E72235}.Ad-Hoc|iPhone.ActiveCfg = Release|Any CPU
		{C46CF1F1-5BFB-4E11-AF3B-86B576E72235}.Ad-Hoc|iPhone.Build.0 = Release|Any CPU
		{C46CF1F1-5BFB-4E11-AF3B-86B576E72235}.Ad-Hoc|iPhoneSimulator.ActiveCfg = Release|Any CPU
		{C46CF1F1-5BFB-4E11-AF3B-86B576E72235}.Ad-Hoc|iPhoneSimulator.Build.0 = Release|Any CPU
		{C46CF1F1-5BFB-4E11-AF3B-86B576E72235}.AppStore|Any CPU.ActiveCfg = Release|Any CPU
		{C46CF1F1-5BFB-4E11-AF3B-86B576E72235}.AppStore|Any CPU.Build.0 = Release|Any CPU
		{C46CF1F1-5BFB-4E11-AF3B-86B576E72235}.AppStore|iPhone.ActiveCfg = Release|Any CPU
		{C46CF1F1-5BFB-4E11-AF3B-86B576E72235}.AppStore|iPhone.Build.0 = Release|Any CPU
		{C46CF1F1-5BFB-4E11-AF3B-86B576E72235}.AppStore|iPhoneSimulator.ActiveCfg = Release|Any CPU
		{C46CF1F1-5BFB-4E11-AF3B-86B576E72235}.AppStore|iPhoneSimulator.Build.0 = Release|Any CPU
		{C46CF1F1-5BFB-4E11-AF3B-86B576E72235}.Debug|Any CPU.ActiveCfg = Debug|Any CPU
		{C46CF1F1-5BFB-4E11-AF3B-86B576E72235}.Debug|Any CPU.Build.0 = Debug|Any CPU
		{C46CF1F1-5BFB-4E11-AF3B-86B576E72235}.Debug|iPhone.ActiveCfg = Debug|Any CPU
		{C46CF1F1-5BFB-4E11-AF3B-86B576E72235}.Debug|iPhone.Build.0 = Debug|Any CPU
		{C46CF1F1-5BFB-4E11-AF3B-86B576E72235}.Debug|iPhoneSimulator.ActiveCfg = Debug|Any CPU
		{C46CF1F1-5BFB-4E11-AF3B-86B576E72235}.Debug|iPhoneSimulator.Build.0 = Debug|Any CPU
		{C46CF1F1-5BFB-4E11-AF3B-86B576E72235}.Release|Any CPU.ActiveCfg = Release|Any CPU
		{C46CF1F1-5BFB-4E11-AF3B-86B576E72235}.Release|Any CPU.Build.0 = Release|Any CPU
		{C46CF1F1-5BFB-4E11-AF3B-86B576E72235}.Release|iPhone.ActiveCfg = Release|Any CPU
		{C46CF1F1-5BFB-4E11-AF3B-86B576E72235}.Release|iPhone.Build.0 = Release|Any CPU
		{C46CF1F1-5BFB-4E11-AF3B-86B576E72235}.Release|iPhoneSimulator.ActiveCfg = Release|Any CPU
		{C46CF1F1-5BFB-4E11-AF3B-86B576E72235}.Release|iPhoneSimulator.Build.0 = Release|Any CPU
		{87EE3B25-003E-47CD-A945-0D63A51B83AC}.Ad-Hoc|Any CPU.ActiveCfg = Release|Any CPU
		{87EE3B25-003E-47CD-A945-0D63A51B83AC}.Ad-Hoc|Any CPU.Build.0 = Release|Any CPU
		{87EE3B25-003E-47CD-A945-0D63A51B83AC}.Ad-Hoc|iPhone.ActiveCfg = Release|Any CPU
		{87EE3B25-003E-47CD-A945-0D63A51B83AC}.Ad-Hoc|iPhone.Build.0 = Release|Any CPU
		{87EE3B25-003E-47CD-A945-0D63A51B83AC}.Ad-Hoc|iPhoneSimulator.ActiveCfg = Release|Any CPU
		{87EE3B25-003E-47CD-A945-0D63A51B83AC}.Ad-Hoc|iPhoneSimulator.Build.0 = Release|Any CPU
		{87EE3B25-003E-47CD-A945-0D63A51B83AC}.AppStore|Any CPU.ActiveCfg = Release|Any CPU
		{87EE3B25-003E-47CD-A945-0D63A51B83AC}.AppStore|Any CPU.Build.0 = Release|Any CPU
		{87EE3B25-003E-47CD-A945-0D63A51B83AC}.AppStore|iPhone.ActiveCfg = Release|Any CPU
		{87EE3B25-003E-47CD-A945-0D63A51B83AC}.AppStore|iPhone.Build.0 = Release|Any CPU
		{87EE3B25-003E-47CD-A945-0D63A51B83AC}.AppStore|iPhoneSimulator.ActiveCfg = Release|Any CPU
		{87EE3B25-003E-47CD-A945-0D63A51B83AC}.AppStore|iPhoneSimulator.Build.0 = Release|Any CPU
		{87EE3B25-003E-47CD-A945-0D63A51B83AC}.Debug|Any CPU.ActiveCfg = Debug|Any CPU
		{87EE3B25-003E-47CD-A945-0D63A51B83AC}.Debug|Any CPU.Build.0 = Debug|Any CPU
		{87EE3B25-003E-47CD-A945-0D63A51B83AC}.Debug|iPhone.ActiveCfg = Debug|Any CPU
		{87EE3B25-003E-47CD-A945-0D63A51B83AC}.Debug|iPhone.Build.0 = Debug|Any CPU
		{87EE3B25-003E-47CD-A945-0D63A51B83AC}.Debug|iPhoneSimulator.ActiveCfg = Debug|Any CPU
		{87EE3B25-003E-47CD-A945-0D63A51B83AC}.Debug|iPhoneSimulator.Build.0 = Debug|Any CPU
		{87EE3B25-003E-47CD-A945-0D63A51B83AC}.Release|Any CPU.ActiveCfg = Release|Any CPU
		{87EE3B25-003E-47CD-A945-0D63A51B83AC}.Release|Any CPU.Build.0 = Release|Any CPU
		{87EE3B25-003E-47CD-A945-0D63A51B83AC}.Release|iPhone.ActiveCfg = Release|Any CPU
		{87EE3B25-003E-47CD-A945-0D63A51B83AC}.Release|iPhone.Build.0 = Release|Any CPU
		{87EE3B25-003E-47CD-A945-0D63A51B83AC}.Release|iPhoneSimulator.ActiveCfg = Release|Any CPU
		{87EE3B25-003E-47CD-A945-0D63A51B83AC}.Release|iPhoneSimulator.Build.0 = Release|Any CPU
		{CA912886-482F-463E-8DC7-AA9E6C02957E}.Ad-Hoc|Any CPU.ActiveCfg = Debug|Any CPU
		{CA912886-482F-463E-8DC7-AA9E6C02957E}.Ad-Hoc|Any CPU.Build.0 = Debug|Any CPU
		{CA912886-482F-463E-8DC7-AA9E6C02957E}.Ad-Hoc|iPhone.ActiveCfg = Debug|Any CPU
		{CA912886-482F-463E-8DC7-AA9E6C02957E}.Ad-Hoc|iPhone.Build.0 = Debug|Any CPU
		{CA912886-482F-463E-8DC7-AA9E6C02957E}.Ad-Hoc|iPhoneSimulator.ActiveCfg = Debug|Any CPU
		{CA912886-482F-463E-8DC7-AA9E6C02957E}.Ad-Hoc|iPhoneSimulator.Build.0 = Debug|Any CPU
		{CA912886-482F-463E-8DC7-AA9E6C02957E}.AppStore|Any CPU.ActiveCfg = Debug|Any CPU
		{CA912886-482F-463E-8DC7-AA9E6C02957E}.AppStore|Any CPU.Build.0 = Debug|Any CPU
		{CA912886-482F-463E-8DC7-AA9E6C02957E}.AppStore|iPhone.ActiveCfg = Debug|Any CPU
		{CA912886-482F-463E-8DC7-AA9E6C02957E}.AppStore|iPhone.Build.0 = Debug|Any CPU
		{CA912886-482F-463E-8DC7-AA9E6C02957E}.AppStore|iPhoneSimulator.ActiveCfg = Debug|Any CPU
		{CA912886-482F-463E-8DC7-AA9E6C02957E}.AppStore|iPhoneSimulator.Build.0 = Debug|Any CPU
		{CA912886-482F-463E-8DC7-AA9E6C02957E}.Debug|Any CPU.ActiveCfg = Debug|Any CPU
		{CA912886-482F-463E-8DC7-AA9E6C02957E}.Debug|Any CPU.Build.0 = Debug|Any CPU
		{CA912886-482F-463E-8DC7-AA9E6C02957E}.Debug|iPhone.ActiveCfg = Debug|Any CPU
		{CA912886-482F-463E-8DC7-AA9E6C02957E}.Debug|iPhone.Build.0 = Debug|Any CPU
		{CA912886-482F-463E-8DC7-AA9E6C02957E}.Debug|iPhoneSimulator.ActiveCfg = Debug|Any CPU
		{CA912886-482F-463E-8DC7-AA9E6C02957E}.Debug|iPhoneSimulator.Build.0 = Debug|Any CPU
		{CA912886-482F-463E-8DC7-AA9E6C02957E}.Release|Any CPU.ActiveCfg = Release|Any CPU
		{CA912886-482F-463E-8DC7-AA9E6C02957E}.Release|Any CPU.Build.0 = Release|Any CPU
		{CA912886-482F-463E-8DC7-AA9E6C02957E}.Release|iPhone.ActiveCfg = Release|Any CPU
		{CA912886-482F-463E-8DC7-AA9E6C02957E}.Release|iPhone.Build.0 = Release|Any CPU
		{CA912886-482F-463E-8DC7-AA9E6C02957E}.Release|iPhoneSimulator.ActiveCfg = Release|Any CPU
		{CA912886-482F-463E-8DC7-AA9E6C02957E}.Release|iPhoneSimulator.Build.0 = Release|Any CPU
		{FDF9DF19-5D4B-4A48-9923-6690788BD992}.Ad-Hoc|Any CPU.ActiveCfg = Release|Any CPU
		{FDF9DF19-5D4B-4A48-9923-6690788BD992}.Ad-Hoc|Any CPU.Build.0 = Release|Any CPU
		{FDF9DF19-5D4B-4A48-9923-6690788BD992}.Ad-Hoc|Any CPU.Deploy.0 = Release|Any CPU
		{FDF9DF19-5D4B-4A48-9923-6690788BD992}.Ad-Hoc|iPhone.ActiveCfg = Release|Any CPU
		{FDF9DF19-5D4B-4A48-9923-6690788BD992}.Ad-Hoc|iPhone.Build.0 = Release|Any CPU
		{FDF9DF19-5D4B-4A48-9923-6690788BD992}.Ad-Hoc|iPhone.Deploy.0 = Release|Any CPU
		{FDF9DF19-5D4B-4A48-9923-6690788BD992}.Ad-Hoc|iPhoneSimulator.ActiveCfg = Release|Any CPU
		{FDF9DF19-5D4B-4A48-9923-6690788BD992}.Ad-Hoc|iPhoneSimulator.Build.0 = Release|Any CPU
		{FDF9DF19-5D4B-4A48-9923-6690788BD992}.Ad-Hoc|iPhoneSimulator.Deploy.0 = Release|Any CPU
		{FDF9DF19-5D4B-4A48-9923-6690788BD992}.AppStore|Any CPU.ActiveCfg = Release|Any CPU
		{FDF9DF19-5D4B-4A48-9923-6690788BD992}.AppStore|Any CPU.Build.0 = Release|Any CPU
		{FDF9DF19-5D4B-4A48-9923-6690788BD992}.AppStore|Any CPU.Deploy.0 = Release|Any CPU
		{FDF9DF19-5D4B-4A48-9923-6690788BD992}.AppStore|iPhone.ActiveCfg = Release|Any CPU
		{FDF9DF19-5D4B-4A48-9923-6690788BD992}.AppStore|iPhone.Build.0 = Release|Any CPU
		{FDF9DF19-5D4B-4A48-9923-6690788BD992}.AppStore|iPhone.Deploy.0 = Release|Any CPU
		{FDF9DF19-5D4B-4A48-9923-6690788BD992}.AppStore|iPhoneSimulator.ActiveCfg = Release|Any CPU
		{FDF9DF19-5D4B-4A48-9923-6690788BD992}.AppStore|iPhoneSimulator.Build.0 = Release|Any CPU
		{FDF9DF19-5D4B-4A48-9923-6690788BD992}.AppStore|iPhoneSimulator.Deploy.0 = Release|Any CPU
		{FDF9DF19-5D4B-4A48-9923-6690788BD992}.Debug|Any CPU.ActiveCfg = Debug|Any CPU
		{FDF9DF19-5D4B-4A48-9923-6690788BD992}.Debug|Any CPU.Build.0 = Debug|Any CPU
		{FDF9DF19-5D4B-4A48-9923-6690788BD992}.Debug|Any CPU.Deploy.0 = Debug|Any CPU
		{FDF9DF19-5D4B-4A48-9923-6690788BD992}.Debug|iPhone.ActiveCfg = Debug|Any CPU
		{FDF9DF19-5D4B-4A48-9923-6690788BD992}.Debug|iPhone.Build.0 = Debug|Any CPU
		{FDF9DF19-5D4B-4A48-9923-6690788BD992}.Debug|iPhone.Deploy.0 = Debug|Any CPU
		{FDF9DF19-5D4B-4A48-9923-6690788BD992}.Debug|iPhoneSimulator.ActiveCfg = Debug|Any CPU
		{FDF9DF19-5D4B-4A48-9923-6690788BD992}.Debug|iPhoneSimulator.Build.0 = Debug|Any CPU
		{FDF9DF19-5D4B-4A48-9923-6690788BD992}.Debug|iPhoneSimulator.Deploy.0 = Debug|Any CPU
		{FDF9DF19-5D4B-4A48-9923-6690788BD992}.Release|Any CPU.ActiveCfg = Release|Any CPU
		{FDF9DF19-5D4B-4A48-9923-6690788BD992}.Release|Any CPU.Build.0 = Release|Any CPU
		{FDF9DF19-5D4B-4A48-9923-6690788BD992}.Release|Any CPU.Deploy.0 = Release|Any CPU
		{FDF9DF19-5D4B-4A48-9923-6690788BD992}.Release|iPhone.ActiveCfg = Release|Any CPU
		{FDF9DF19-5D4B-4A48-9923-6690788BD992}.Release|iPhone.Build.0 = Release|Any CPU
		{FDF9DF19-5D4B-4A48-9923-6690788BD992}.Release|iPhone.Deploy.0 = Release|Any CPU
		{FDF9DF19-5D4B-4A48-9923-6690788BD992}.Release|iPhoneSimulator.ActiveCfg = Release|Any CPU
		{FDF9DF19-5D4B-4A48-9923-6690788BD992}.Release|iPhoneSimulator.Build.0 = Release|Any CPU
		{FDF9DF19-5D4B-4A48-9923-6690788BD992}.Release|iPhoneSimulator.Deploy.0 = Release|Any CPU
		{92066BE0-F16C-4D32-BE79-326BB1959BB7}.Ad-Hoc|Any CPU.ActiveCfg = Ad-Hoc|iPhone
		{92066BE0-F16C-4D32-BE79-326BB1959BB7}.Ad-Hoc|iPhone.ActiveCfg = Ad-Hoc|iPhone
		{92066BE0-F16C-4D32-BE79-326BB1959BB7}.Ad-Hoc|iPhone.Build.0 = Ad-Hoc|iPhone
		{92066BE0-F16C-4D32-BE79-326BB1959BB7}.Ad-Hoc|iPhoneSimulator.ActiveCfg = Ad-Hoc|iPhoneSimulator
		{92066BE0-F16C-4D32-BE79-326BB1959BB7}.Ad-Hoc|iPhoneSimulator.Build.0 = Ad-Hoc|iPhoneSimulator
		{92066BE0-F16C-4D32-BE79-326BB1959BB7}.AppStore|Any CPU.ActiveCfg = AppStore|iPhone
		{92066BE0-F16C-4D32-BE79-326BB1959BB7}.AppStore|iPhone.ActiveCfg = AppStore|iPhone
		{92066BE0-F16C-4D32-BE79-326BB1959BB7}.AppStore|iPhone.Build.0 = AppStore|iPhone
		{92066BE0-F16C-4D32-BE79-326BB1959BB7}.AppStore|iPhoneSimulator.ActiveCfg = AppStore|iPhoneSimulator
		{92066BE0-F16C-4D32-BE79-326BB1959BB7}.AppStore|iPhoneSimulator.Build.0 = AppStore|iPhoneSimulator
		{92066BE0-F16C-4D32-BE79-326BB1959BB7}.Debug|Any CPU.ActiveCfg = Debug|iPhone
		{92066BE0-F16C-4D32-BE79-326BB1959BB7}.Debug|iPhone.ActiveCfg = Debug|iPhone
		{92066BE0-F16C-4D32-BE79-326BB1959BB7}.Debug|iPhone.Build.0 = Debug|iPhone
		{92066BE0-F16C-4D32-BE79-326BB1959BB7}.Debug|iPhoneSimulator.ActiveCfg = Debug|iPhoneSimulator
		{92066BE0-F16C-4D32-BE79-326BB1959BB7}.Debug|iPhoneSimulator.Build.0 = Debug|iPhoneSimulator
		{92066BE0-F16C-4D32-BE79-326BB1959BB7}.Release|Any CPU.ActiveCfg = Release|iPhone
		{92066BE0-F16C-4D32-BE79-326BB1959BB7}.Release|iPhone.ActiveCfg = Release|iPhone
		{92066BE0-F16C-4D32-BE79-326BB1959BB7}.Release|iPhone.Build.0 = Release|iPhone
		{92066BE0-F16C-4D32-BE79-326BB1959BB7}.Release|iPhoneSimulator.ActiveCfg = Release|iPhoneSimulator
		{92066BE0-F16C-4D32-BE79-326BB1959BB7}.Release|iPhoneSimulator.Build.0 = Release|iPhoneSimulator
		{00D64A7F-59E2-47A3-AA8D-A9431BBD29AB}.Ad-Hoc|Any CPU.ActiveCfg = Release|Any CPU
		{00D64A7F-59E2-47A3-AA8D-A9431BBD29AB}.Ad-Hoc|Any CPU.Build.0 = Release|Any CPU
		{00D64A7F-59E2-47A3-AA8D-A9431BBD29AB}.Ad-Hoc|Any CPU.Deploy.0 = Release|Any CPU
		{00D64A7F-59E2-47A3-AA8D-A9431BBD29AB}.Ad-Hoc|iPhone.ActiveCfg = Release|Any CPU
		{00D64A7F-59E2-47A3-AA8D-A9431BBD29AB}.Ad-Hoc|iPhone.Build.0 = Release|Any CPU
		{00D64A7F-59E2-47A3-AA8D-A9431BBD29AB}.Ad-Hoc|iPhone.Deploy.0 = Release|Any CPU
		{00D64A7F-59E2-47A3-AA8D-A9431BBD29AB}.Ad-Hoc|iPhoneSimulator.ActiveCfg = Release|Any CPU
		{00D64A7F-59E2-47A3-AA8D-A9431BBD29AB}.Ad-Hoc|iPhoneSimulator.Build.0 = Release|Any CPU
		{00D64A7F-59E2-47A3-AA8D-A9431BBD29AB}.Ad-Hoc|iPhoneSimulator.Deploy.0 = Release|Any CPU
		{00D64A7F-59E2-47A3-AA8D-A9431BBD29AB}.AppStore|Any CPU.ActiveCfg = Release|Any CPU
		{00D64A7F-59E2-47A3-AA8D-A9431BBD29AB}.AppStore|Any CPU.Build.0 = Release|Any CPU
		{00D64A7F-59E2-47A3-AA8D-A9431BBD29AB}.AppStore|Any CPU.Deploy.0 = Release|Any CPU
		{00D64A7F-59E2-47A3-AA8D-A9431BBD29AB}.AppStore|iPhone.ActiveCfg = Release|Any CPU
		{00D64A7F-59E2-47A3-AA8D-A9431BBD29AB}.AppStore|iPhone.Build.0 = Release|Any CPU
		{00D64A7F-59E2-47A3-AA8D-A9431BBD29AB}.AppStore|iPhone.Deploy.0 = Release|Any CPU
		{00D64A7F-59E2-47A3-AA8D-A9431BBD29AB}.AppStore|iPhoneSimulator.ActiveCfg = Release|Any CPU
		{00D64A7F-59E2-47A3-AA8D-A9431BBD29AB}.AppStore|iPhoneSimulator.Build.0 = Release|Any CPU
		{00D64A7F-59E2-47A3-AA8D-A9431BBD29AB}.AppStore|iPhoneSimulator.Deploy.0 = Release|Any CPU
		{00D64A7F-59E2-47A3-AA8D-A9431BBD29AB}.Debug|Any CPU.ActiveCfg = Debug|Any CPU
		{00D64A7F-59E2-47A3-AA8D-A9431BBD29AB}.Debug|Any CPU.Build.0 = Debug|Any CPU
		{00D64A7F-59E2-47A3-AA8D-A9431BBD29AB}.Debug|Any CPU.Deploy.0 = Debug|Any CPU
		{00D64A7F-59E2-47A3-AA8D-A9431BBD29AB}.Debug|iPhone.ActiveCfg = Debug|Any CPU
		{00D64A7F-59E2-47A3-AA8D-A9431BBD29AB}.Debug|iPhone.Build.0 = Debug|Any CPU
		{00D64A7F-59E2-47A3-AA8D-A9431BBD29AB}.Debug|iPhone.Deploy.0 = Debug|Any CPU
		{00D64A7F-59E2-47A3-AA8D-A9431BBD29AB}.Debug|iPhoneSimulator.ActiveCfg = Debug|Any CPU
		{00D64A7F-59E2-47A3-AA8D-A9431BBD29AB}.Debug|iPhoneSimulator.Build.0 = Debug|Any CPU
		{00D64A7F-59E2-47A3-AA8D-A9431BBD29AB}.Debug|iPhoneSimulator.Deploy.0 = Debug|Any CPU
		{00D64A7F-59E2-47A3-AA8D-A9431BBD29AB}.Release|Any CPU.ActiveCfg = Release|Any CPU
		{00D64A7F-59E2-47A3-AA8D-A9431BBD29AB}.Release|Any CPU.Build.0 = Release|Any CPU
		{00D64A7F-59E2-47A3-AA8D-A9431BBD29AB}.Release|Any CPU.Deploy.0 = Release|Any CPU
		{00D64A7F-59E2-47A3-AA8D-A9431BBD29AB}.Release|iPhone.ActiveCfg = Release|Any CPU
		{00D64A7F-59E2-47A3-AA8D-A9431BBD29AB}.Release|iPhone.Build.0 = Release|Any CPU
		{00D64A7F-59E2-47A3-AA8D-A9431BBD29AB}.Release|iPhone.Deploy.0 = Release|Any CPU
		{00D64A7F-59E2-47A3-AA8D-A9431BBD29AB}.Release|iPhoneSimulator.ActiveCfg = Release|Any CPU
		{00D64A7F-59E2-47A3-AA8D-A9431BBD29AB}.Release|iPhoneSimulator.Build.0 = Release|Any CPU
		{00D64A7F-59E2-47A3-AA8D-A9431BBD29AB}.Release|iPhoneSimulator.Deploy.0 = Release|Any CPU
		{27EF93B2-673C-4C8F-8F2E-AD91DEF3E099}.Ad-Hoc|Any CPU.ActiveCfg = Release|iPhone
		{27EF93B2-673C-4C8F-8F2E-AD91DEF3E099}.Ad-Hoc|Any CPU.Build.0 = Release|iPhone
		{27EF93B2-673C-4C8F-8F2E-AD91DEF3E099}.Ad-Hoc|iPhone.ActiveCfg = Release|iPhone
		{27EF93B2-673C-4C8F-8F2E-AD91DEF3E099}.Ad-Hoc|iPhone.Build.0 = Release|iPhone
		{27EF93B2-673C-4C8F-8F2E-AD91DEF3E099}.Ad-Hoc|iPhoneSimulator.ActiveCfg = Release|iPhoneSimulator
		{27EF93B2-673C-4C8F-8F2E-AD91DEF3E099}.Ad-Hoc|iPhoneSimulator.Build.0 = Release|iPhoneSimulator
		{27EF93B2-673C-4C8F-8F2E-AD91DEF3E099}.AppStore|Any CPU.ActiveCfg = Release|iPhone
		{27EF93B2-673C-4C8F-8F2E-AD91DEF3E099}.AppStore|Any CPU.Build.0 = Release|iPhone
		{27EF93B2-673C-4C8F-8F2E-AD91DEF3E099}.AppStore|iPhone.ActiveCfg = Release|iPhone
		{27EF93B2-673C-4C8F-8F2E-AD91DEF3E099}.AppStore|iPhone.Build.0 = Release|iPhone
		{27EF93B2-673C-4C8F-8F2E-AD91DEF3E099}.AppStore|iPhoneSimulator.ActiveCfg = Release|iPhoneSimulator
		{27EF93B2-673C-4C8F-8F2E-AD91DEF3E099}.AppStore|iPhoneSimulator.Build.0 = Release|iPhoneSimulator
		{27EF93B2-673C-4C8F-8F2E-AD91DEF3E099}.Debug|Any CPU.ActiveCfg = Debug|iPhone
		{27EF93B2-673C-4C8F-8F2E-AD91DEF3E099}.Debug|iPhone.ActiveCfg = Debug|iPhone
		{27EF93B2-673C-4C8F-8F2E-AD91DEF3E099}.Debug|iPhone.Build.0 = Debug|iPhone
		{27EF93B2-673C-4C8F-8F2E-AD91DEF3E099}.Debug|iPhoneSimulator.ActiveCfg = Debug|iPhoneSimulator
		{27EF93B2-673C-4C8F-8F2E-AD91DEF3E099}.Debug|iPhoneSimulator.Build.0 = Debug|iPhoneSimulator
		{27EF93B2-673C-4C8F-8F2E-AD91DEF3E099}.Release|Any CPU.ActiveCfg = Release|iPhone
		{27EF93B2-673C-4C8F-8F2E-AD91DEF3E099}.Release|iPhone.ActiveCfg = Release|iPhone
		{27EF93B2-673C-4C8F-8F2E-AD91DEF3E099}.Release|iPhone.Build.0 = Release|iPhone
		{27EF93B2-673C-4C8F-8F2E-AD91DEF3E099}.Release|iPhoneSimulator.ActiveCfg = Release|iPhoneSimulator
		{27EF93B2-673C-4C8F-8F2E-AD91DEF3E099}.Release|iPhoneSimulator.Build.0 = Release|iPhoneSimulator
	EndGlobalSection
	GlobalSection(SolutionProperties) = preSolution
		HideSolutionNode = FALSE
	EndGlobalSection
	GlobalSection(ExtensibilityGlobals) = postSolution
		SolutionGuid = {44CE63AD-5FBE-400C-A3A1-A8BF5E223A3E}
	EndGlobalSection
EndGlobal
